PODS:
  - Flutter (1.0.0)
  - native_video_editor (0.2.0):
    - Flutter

DEPENDENCIES:
  - Flutter (from `Flutter`)
  - native_video_editor (from `.symlinks/plugins/native_video_editor/ios`)

EXTERNAL SOURCES:
  Flutter:
    :path: Flutter
  native_video_editor:
    :path: ".symlinks/plugins/native_video_editor/ios"

SPEC CHECKSUMS:
  Flutter: cabc95a1d2626b1b06e7179b784ebcf0c0cde467
  native_video_editor: 69d87c729da1474f8eff6bf070cc44df6955bcce

PODFILE CHECKSUM: 3c63482e143d1b91d2d2560aee9fb04ecc74ac7e

COCOAPODS: 1.17.0
