PODS:
  - FlutterMacOS (1.0.0)
  - native_video_editor (0.3.0):
    - FlutterMacOS

DEPENDENCIES:
  - FlutterMacOS (from `Flutter/ephemeral`)
  - native_video_editor (from `Flutter/ephemeral/.symlinks/plugins/native_video_editor/macos`)

EXTERNAL SOURCES:
  FlutterMacOS:
    :path: Flutter/ephemeral
  native_video_editor:
    :path: Flutter/ephemeral/.symlinks/plugins/native_video_editor/macos

SPEC CHECKSUMS:
  FlutterMacOS: d0db08ddef1a9af05a5ec4b724367152bb0500b1
  native_video_editor: 1e0842bdf638147428beec561e88e827db1e28b4

PODFILE CHECKSUM: 54d867c82ac51cbd61b565781b9fada492027009

COCOAPODS: 1.17.0
